
Microsoft Visual Studio Solution File, Format Version 12.00
# Visual Studio Version 17
VisualStudioVersion = 17.14.37216.2 d17.14
MinimumVisualStudioVersion = 10.0.40219.1
Project("{FAE04EC0-301F-11D3-BF4B-00C04F79EFBC}") = "WindowsFormsApp1", "WindowsFormsApp1\WindowsFormsApp1.csproj", "{CBC1F4EC-9383-4EBF-8241-7065E72206DE}"
EndProject
Global
	GlobalSection(SolutionConfigurationPlatforms) = preSolution
		Debug|Any CPU = Debug|Any CPU
		Release|Any CPU = Release|Any CPU
	EndGlobalSection
	GlobalSection(ProjectConfigurationPlatforms) = postSolution
		{CBC1F4EC-9383-4EBF-8241-7065E72206DE}.Debug|Any CPU.ActiveCfg = Debug|Any CPU
		{CBC1F4EC-9383-4EBF-8241-7065E72206DE}.Debug|Any CPU.Build.0 = Debug|Any CPU
		{CBC1F4EC-9383-4EBF-8241-7065E72206DE}.Release|Any CPU.ActiveCfg = Release|Any CPU
		{CBC1F4EC-9383-4EBF-8241-7065E72206DE}.Release|Any CPU.Build.0 = Release|Any CPU
	EndGlobalSection
	GlobalSection(SolutionProperties) = preSolution
		HideSolutionNode = FALSE
	EndGlobalSection
	GlobalSection(ExtensibilityGlobals) = postSolution
		SolutionGuid = {88E0490F-742A-414B-AD4D-3E12169DCA46}
	EndGlobalSection
EndGlobal
